
Microsoft Visual Studio Solution File, Format Version 12.00
# Visual Studio Version 17
VisualStudioVersion = 17.4.33213.308
MinimumVisualStudioVersion = 10.0.40219.1
Project("{9A19103F-16F7-4668-BE54-9A1E7A4F7556}") = "Assignment4", "Assignment4\Assignment4.csproj", "{F68E5501-8DE8-4332-8501-0A6F4C76389F}"
EndProject
Project("{FAE04EC0-301F-11D3-BF4B-00C04F79EFBC}") = "Hearthstone.DataAccess", "Hearthstone.DataAccess\Hearthstone.DataAccess.csproj", "{EA1D512D-4016-444F-A777-2BA8E4D86AC0}"
EndProject
Global
	GlobalSection(SolutionConfigurationPlatforms) = preSolution
		Debug|Any CPU = Debug|Any CPU
		Release|Any CPU = Release|Any CPU
	EndGlobalSection
	GlobalSection(ProjectConfigurationPlatforms) = postSolution
		{F68E5501-8DE8-4332-8501-0A6F4C76389F}.Debug|Any CPU.ActiveCfg = Debug|Any CPU
		{F68E5501-8DE8-4332-8501-0A6F4C76389F}.Debug|Any CPU.Build.0 = Debug|Any CPU
		{F68E5501-8DE8-4332-8501-0A6F4C76389F}.Release|Any CPU.ActiveCfg = Release|Any CPU
		{F68E5501-8DE8-4332-8501-0A6F4C76389F}.Release|Any CPU.Build.0 = Release|Any CPU
		{EA1D512D-4016-444F-A777-2BA8E4D86AC0}.Debug|Any CPU.ActiveCfg = Debug|Any CPU
		{EA1D512D-4016-444F-A777-2BA8E4D86AC0}.Debug|Any CPU.Build.0 = Debug|Any CPU
		{EA1D512D-4016-444F-A777-2BA8E4D86AC0}.Release|Any CPU.ActiveCfg = Release|Any CPU
		{EA1D512D-4016-444F-A777-2BA8E4D86AC0}.Release|Any CPU.Build.0 = Release|Any CPU
	EndGlobalSection
	GlobalSection(SolutionProperties) = preSolution
		HideSolutionNode = FALSE
	EndGlobalSection
	GlobalSection(ExtensibilityGlobals) = postSolution
		SolutionGuid = {DEA786AB-397A-418A-8FBE-6E84F4A1A9A6}
	EndGlobalSection
EndGlobal
